
Microsoft Visual Studio Solution File, Format Version 12.00
# Visual Studio Version 17
VisualStudioVersion = 17.2.32630.192
MinimumVisualStudioVersion = 10.0.40219.1
Project("{FAE04EC0-301F-11D3-BF4B-00C04F79EFBC}") = "BancoMusica", "BancoMusica\BancoMusica.csproj", "{B29BC7E9-BE3B-4401-A982-86079A2614D9}"
EndProject
Global
	GlobalSection(SolutionConfigurationPlatforms) = preSolution
		Debug|Any CPU = Debug|Any CPU
		Release|Any CPU = Release|Any CPU
	EndGlobalSection
	GlobalSection(ProjectConfigurationPlatforms) = postSolution
		{B29BC7E9-BE3B-4401-A982-86079A2614D9}.Debug|Any CPU.ActiveCfg = Debug|Any CPU
		{B29BC7E9-BE3B-4401-A982-86079A2614D9}.Debug|Any CPU.Build.0 = Debug|Any CPU
		{B29BC7E9-BE3B-4401-A982-86079A2614D9}.Release|Any CPU.ActiveCfg = Release|Any CPU
		{B29BC7E9-BE3B-4401-A982-86079A2614D9}.Release|Any CPU.Build.0 = Release|Any CPU
	EndGlobalSection
	GlobalSection(SolutionProperties) = preSolution
		HideSolutionNode = FALSE
	EndGlobalSection
	GlobalSection(ExtensibilityGlobals) = postSolution
		SolutionGuid = {70037A2F-BF07-4F5E-8620-92277EB7B7A6}
	EndGlobalSection
EndGlobal
